# AUTO_ROVER phase-1 build inputs observed on Ubuntu 20.04 amd64.
# Install exactly these revisions in the reviewed target image; apt candidates
# with different revisions are not equivalent evidence.
cmake=3.16.3-1ubuntu1.20.04.1
cpp-9=9.4.0-1ubuntu1~20.04.2
g++=4:9.3.0-1ubuntu2
g++-9=9.4.0-1ubuntu1~20.04.2
gcc-9=9.4.0-1ubuntu1~20.04.2
libgtest-dev=1.10.0-2
libyaml-cpp-dev=0.6.2-4ubuntu1
python3=3.8.2-0ubuntu2
python3-numpy=1:1.17.4-5ubuntu3.1
python3.8=3.8.10-0ubuntu1~20.04.18
python3.8-minimal=3.8.10-0ubuntu1~20.04.18
ros-noetic-catkin=0.8.11-1focal.20250410.223049
ros-noetic-geometry-msgs=1.13.1-1focal.20250410.232549
ros-noetic-message-generation=0.4.1-1focal.20250410.230639
ros-noetic-message-runtime=0.4.13-1focal.20250410.231453
ros-noetic-nav-msgs=1.13.1-1focal.20250410.232710
ros-noetic-roscpp=1.17.0-1focal.20250410.232154
ros-noetic-roslaunch=1.17.0-1focal.20250410.234448
ros-noetic-rostest=1.17.0-1focal.20250410.235150
ros-noetic-rospy=1.17.0-1focal.20250410.233036
ros-noetic-std-msgs=0.5.14-1focal.20250410.231612
ros-noetic-std-srvs=1.11.4-1focal.20250410.231529
